
Microsoft Visual Studio Solution File, Format Version 12.00
# Visual Studio Version 17
VisualStudioVersion = 17.10.35122.118
MinimumVisualStudioVersion = 10.0.40219.1
Project("{9A19103F-16F7-4668-BE54-9A1E7A4F7556}") = "WinFormUploadFile", "WinFormUploadFile\WinFormUploadFile.csproj", "{9166FAC3-0E87-4157-BC26-491326786DB8}"
EndProject
Project("{9A19103F-16F7-4668-BE54-9A1E7A4F7556}") = "LibServices", "..\..\APIs\Services\LibServices\LibServices\LibServices.csproj", "{72D46A15-9D44-4257-BFE1-33E7E1ACE570}"
EndProject
Project("{9A19103F-16F7-4668-BE54-9A1E7A4F7556}") = "LibFilesManager", "..\..\Backend\LibFilesManager\LibFilesManager\LibFilesManager.csproj", "{BB7774B1-2C21-44FE-AE12-5509C4E3B54F}"
EndProject
Project("{9A19103F-16F7-4668-BE54-9A1E7A4F7556}") = "SwitchLoggers", "..\..\Backend\SwitchLoggers\SwitchLoggers\SwitchLoggers.csproj", "{78C814C1-4613-4AA8-BF47-119618723FAA}"
EndProject
Global
	GlobalSection(SolutionConfigurationPlatforms) = preSolution
		Debug|Any CPU = Debug|Any CPU
		Release|Any CPU = Release|Any CPU
	EndGlobalSection
	GlobalSection(ProjectConfigurationPlatforms) = postSolution
		{9166FAC3-0E87-4157-BC26-491326786DB8}.Debug|Any CPU.ActiveCfg = Debug|Any CPU
		{9166FAC3-0E87-4157-BC26-491326786DB8}.Debug|Any CPU.Build.0 = Debug|Any CPU
		{9166FAC3-0E87-4157-BC26-491326786DB8}.Release|Any CPU.ActiveCfg = Release|Any CPU
		{9166FAC3-0E87-4157-BC26-491326786DB8}.Release|Any CPU.Build.0 = Release|Any CPU
		{72D46A15-9D44-4257-BFE1-33E7E1ACE570}.Debug|Any CPU.ActiveCfg = Debug|Any CPU
		{72D46A15-9D44-4257-BFE1-33E7E1ACE570}.Debug|Any CPU.Build.0 = Debug|Any CPU
		{72D46A15-9D44-4257-BFE1-33E7E1ACE570}.Release|Any CPU.ActiveCfg = Release|Any CPU
		{72D46A15-9D44-4257-BFE1-33E7E1ACE570}.Release|Any CPU.Build.0 = Release|Any CPU
		{BB7774B1-2C21-44FE-AE12-5509C4E3B54F}.Debug|Any CPU.ActiveCfg = Debug|Any CPU
		{BB7774B1-2C21-44FE-AE12-5509C4E3B54F}.Debug|Any CPU.Build.0 = Debug|Any CPU
		{BB7774B1-2C21-44FE-AE12-5509C4E3B54F}.Release|Any CPU.ActiveCfg = Release|Any CPU
		{BB7774B1-2C21-44FE-AE12-5509C4E3B54F}.Release|Any CPU.Build.0 = Release|Any CPU
		{78C814C1-4613-4AA8-BF47-119618723FAA}.Debug|Any CPU.ActiveCfg = Debug|Any CPU
		{78C814C1-4613-4AA8-BF47-119618723FAA}.Debug|Any CPU.Build.0 = Debug|Any CPU
		{78C814C1-4613-4AA8-BF47-119618723FAA}.Release|Any CPU.ActiveCfg = Release|Any CPU
		{78C814C1-4613-4AA8-BF47-119618723FAA}.Release|Any CPU.Build.0 = Release|Any CPU
	EndGlobalSection
	GlobalSection(SolutionProperties) = preSolution
		HideSolutionNode = FALSE
	EndGlobalSection
	GlobalSection(ExtensibilityGlobals) = postSolution
		SolutionGuid = {3A28B23E-B72E-4C96-A38A-6B96766A96C2}
	EndGlobalSection
EndGlobal
